
Microsoft Visual Studio Solution File, Format Version 12.00
# Visual Studio Version 17
VisualStudioVersion = 17.11.35222.181
MinimumVisualStudioVersion = 10.0.40219.1
Project("{9A19103F-16F7-4668-BE54-9A1E7A4F7556}") = "SessionService", "SessionService\SessionService.csproj", "{1D5751A7-26CD-4919-9AE6-C51C0185668F}"
EndProject
Project("{FAE04EC0-301F-11D3-BF4B-00C04F79EFBC}") = "SessionTest", "SessionTest\SessionTest.csproj", "{8706894C-893D-4928-849A-88B10347AB73}"
EndProject
Global
	GlobalSection(SolutionConfigurationPlatforms) = preSolution
		Debug|Any CPU = Debug|Any CPU
		Release|Any CPU = Release|Any CPU
	EndGlobalSection
	GlobalSection(ProjectConfigurationPlatforms) = postSolution
		{1D5751A7-26CD-4919-9AE6-C51C0185668F}.Debug|Any CPU.ActiveCfg = Debug|Any CPU
		{1D5751A7-26CD-4919-9AE6-C51C0185668F}.Debug|Any CPU.Build.0 = Debug|Any CPU
		{1D5751A7-26CD-4919-9AE6-C51C0185668F}.Release|Any CPU.ActiveCfg = Release|Any CPU
		{1D5751A7-26CD-4919-9AE6-C51C0185668F}.Release|Any CPU.Build.0 = Release|Any CPU
		{8706894C-893D-4928-849A-88B10347AB73}.Debug|Any CPU.ActiveCfg = Debug|Any CPU
		{8706894C-893D-4928-849A-88B10347AB73}.Debug|Any CPU.Build.0 = Debug|Any CPU
		{8706894C-893D-4928-849A-88B10347AB73}.Release|Any CPU.ActiveCfg = Release|Any CPU
		{8706894C-893D-4928-849A-88B10347AB73}.Release|Any CPU.Build.0 = Release|Any CPU
	EndGlobalSection
	GlobalSection(SolutionProperties) = preSolution
		HideSolutionNode = FALSE
	EndGlobalSection
	GlobalSection(ExtensibilityGlobals) = postSolution
		SolutionGuid = {A4A47B7B-35C1-4691-A945-7D9BE8898701}
	EndGlobalSection
EndGlobal
