
Microsoft Visual Studio Solution File, Format Version 12.00
# Visual Studio Version 17
VisualStudioVersion = 17.11.35222.181
MinimumVisualStudioVersion = 10.0.40219.1
Project("{FAE04EC0-301F-11D3-BF4B-00C04F79EFBC}") = "HealthService", "HealthService\HealthService.csproj", "{B79D1C07-3070-4EC9-AF1B-A652908BD60E}"
EndProject
Global
	GlobalSection(SolutionConfigurationPlatforms) = preSolution
		Debug|Any CPU = Debug|Any CPU
		Release|Any CPU = Release|Any CPU
	EndGlobalSection
	GlobalSection(ProjectConfigurationPlatforms) = postSolution
		{B79D1C07-3070-4EC9-AF1B-A652908BD60E}.Debug|Any CPU.ActiveCfg = Debug|Any CPU
		{B79D1C07-3070-4EC9-AF1B-A652908BD60E}.Debug|Any CPU.Build.0 = Debug|Any CPU
		{B79D1C07-3070-4EC9-AF1B-A652908BD60E}.Release|Any CPU.ActiveCfg = Release|Any CPU
		{B79D1C07-3070-4EC9-AF1B-A652908BD60E}.Release|Any CPU.Build.0 = Release|Any CPU
	EndGlobalSection
	GlobalSection(SolutionProperties) = preSolution
		HideSolutionNode = FALSE
	EndGlobalSection
	GlobalSection(ExtensibilityGlobals) = postSolution
		SolutionGuid = {A189043C-B168-4619-B473-8102434A3232}
	EndGlobalSection
EndGlobal
