
Microsoft Visual Studio Solution File, Format Version 12.00
# Visual Studio Version 17
VisualStudioVersion = 17.8.34322.80
MinimumVisualStudioVersion = 10.0.40219.1
Project("{FAE04EC0-301F-11D3-BF4B-00C04F79EFBC}") = "MonkeyClient", "MonkeyClient.csproj", "{6A5A5389-858B-454B-B306-301AC1986FCD}"
EndProject
Global
	GlobalSection(SolutionConfigurationPlatforms) = preSolution
		Debug|Any CPU = Debug|Any CPU
		Release|Any CPU = Release|Any CPU
	EndGlobalSection
	GlobalSection(ProjectConfigurationPlatforms) = postSolution
		{6A5A5389-858B-454B-B306-301AC1986FCD}.Debug|Any CPU.ActiveCfg = Debug|Any CPU
		{6A5A5389-858B-454B-B306-301AC1986FCD}.Debug|Any CPU.Build.0 = Debug|Any CPU
		{6A5A5389-858B-454B-B306-301AC1986FCD}.Release|Any CPU.ActiveCfg = Release|Any CPU
		{6A5A5389-858B-454B-B306-301AC1986FCD}.Release|Any CPU.Build.0 = Release|Any CPU
	EndGlobalSection
	GlobalSection(SolutionProperties) = preSolution
		HideSolutionNode = FALSE
	EndGlobalSection
	GlobalSection(ExtensibilityGlobals) = postSolution
		SolutionGuid = {69CF57E4-0AEC-425A-BF5B-906BE2F42CC4}
	EndGlobalSection
EndGlobal
